# This file was autogenerated by Stack.
# You should not edit this file by hand.
# For more information, please see the documentation at:
#   https://docs.haskellstack.org/en/stable/lock_files

packages:
- completed:
    hackage: broadcast-chan-0.2.0.2@sha256:687a7438a3fda6f5baf2be5a97e8dbf07b0bce1c22319af0d734ab64a895dd8f,6166
    pantry-tree:
      size: 755
      sha256: be6b808e15a91a4350c28d56a547049932abf6189ff0c26543cd1881feaf508a
  original:
    hackage: broadcast-chan-0.2.0.2@sha256:687a7438a3fda6f5baf2be5a97e8dbf07b0bce1c22319af0d734ab64a895dd8f
- completed:
    hackage: gi-cairo-connector-0.0.1@sha256:b909fcfcb3c19fceb93ea309381c059020e9b9ae8d1fc39aad94962e112fc289,1166
    pantry-tree:
      size: 186
      sha256: 7cc3b726092bbff0ad393f07177a875b3bddc1946b008f8216aa56947e944576
  original:
    hackage: gi-cairo-connector-0.0.1@sha256:b909fcfcb3c19fceb93ea309381c059020e9b9ae8d1fc39aad94962e112fc289
- completed:
    hackage: gi-cairo-render-0.0.1@sha256:a56ff8a2b30f60b62113fe9a9c68cda583d3da4d75f13c8781d4aa211fc99410,3415
    pantry-tree:
      size: 1603
      sha256: 78236dd40d82940920f089ca53aafc0146d8c8efdd01e0014d2114a70cf0dc0e
  original:
    hackage: gi-cairo-render-0.0.1@sha256:a56ff8a2b30f60b62113fe9a9c68cda583d3da4d75f13c8781d4aa211fc99410
- completed:
    hackage: gtk3-0.15.1@sha256:86cdd17df569aa641835e5bcae304bc405aa397469888a0540860cfc050b788d,19475
    pantry-tree:
      size: 21251
      sha256: 40caeb8662385911c89bd5c512b4ee0557f9ca0c69ba8bef50c4ea7686cacdbe
  original:
    hackage: gtk3-0.15.1@sha256:86cdd17df569aa641835e5bcae304bc405aa397469888a0540860cfc050b788d
- completed:
    hackage: ConfigFile-1.1.4@sha256:ca56261e1deae6ef958a337b03812987bfd94ab37b047e27f262bc3137813165,2056
    pantry-tree:
      size: 1016
      sha256: 58c2dbae1878d8f5bcac2848712ccfe90391bb1e6b719f43d044ead6c496f748
  original:
    hackage: ConfigFile-1.1.4@sha256:ca56261e1deae6ef958a337b03812987bfd94ab37b047e27f262bc3137813165
- completed:
    hackage: cairo-0.13.6.0@sha256:a9122d48957a2dbb5a177e5068b850efa1e99bb22c68eb2571165c3c945a8dd6,4187
    pantry-tree:
      size: 2830
      sha256: 180df55408086398e9901a6bcb2720da6fcecac5f57abcdb4df1251a686f1bb7
  original:
    hackage: cairo-0.13.6.0@sha256:a9122d48957a2dbb5a177e5068b850efa1e99bb22c68eb2571165c3c945a8dd6
- completed:
    hackage: glib-0.13.7.0@sha256:25f62eb48d104342537dd1c724f07355d56226ca595ce6f1848415fbb7f59fa7,3120
    pantry-tree:
      size: 1625
      sha256: 3c465a6ff9d66eeff421271202e5f2537babf865d38541fed78b983317698c71
  original:
    hackage: glib-0.13.7.0@sha256:25f62eb48d104342537dd1c724f07355d56226ca595ce6f1848415fbb7f59fa7
- completed:
    hackage: gtk2hs-buildtools-0.13.5.0@sha256:a765766c4208a3e4def319ebf280fbb9e7d0a3f28d15922db36970404fb1daee,5238
    pantry-tree:
      size: 3588
      sha256: bcc65d134ad8b4ceb31166eb5d6082575284fe069f28a1dfae43ee968f55461d
  original:
    hackage: gtk2hs-buildtools-0.13.5.0@sha256:a765766c4208a3e4def319ebf280fbb9e7d0a3f28d15922db36970404fb1daee
- completed:
    hackage: pango-0.13.6.0@sha256:ed8d300945bea97ccb652efc73d159634aefebff8c64f60eef6b6ac5ecebc4ae,3881
    pantry-tree:
      size: 1506
      sha256: 4563a04bbeac051cb257534bce68240956868936d64bf1b81c377aae0c98f9b1
  original:
    hackage: pango-0.13.6.0@sha256:ed8d300945bea97ccb652efc73d159634aefebff8c64f60eef6b6ac5ecebc4ae
- completed:
    hackage: dbus-hslogger-0.1.0.1@sha256:7c989216bfbd9dce7e6898e608efff13d7385d0e9cf4b5aa8c8e0358b72645be,1489
    pantry-tree:
      size: 395
      sha256: 015ca24522392f6027996ad65c4a2e3c9bd5371984ffc62d8ec43ed651d3e87a
  original:
    hackage: dbus-hslogger-0.1.0.1@sha256:7c989216bfbd9dce7e6898e608efff13d7385d0e9cf4b5aa8c8e0358b72645be
- completed:
    hackage: gi-gdkx11-3.0.4@sha256:5ee528136572cc9e22ef57ab77c8edd0393a52ca0dcbd85bb44188d0088f2158,1992
    pantry-tree:
      size: 359
      sha256: be1ba3ca2ae64a1721ad2b2c22b3efabf24c3c7cc99cede8cea8987b9ca5467c
  original:
    hackage: gi-gdkx11-3.0.4@sha256:5ee528136572cc9e22ef57ab77c8edd0393a52ca0dcbd85bb44188d0088f2158
- completed:
    hackage: gio-0.13.6.0@sha256:00fce1b49c902ba82433cc018fb5d4651797464342a9cbc66df2c62bb8884650,3102
    pantry-tree:
      size: 2036
      sha256: c61dab13582a46f50257d4789c7f37a9954e15bdc0deddf698a1dc19077a74c2
  original:
    hackage: gio-0.13.6.0@sha256:00fce1b49c902ba82433cc018fb5d4651797464342a9cbc66df2c62bb8884650
- completed:
    hackage: gtk-sni-tray-0.1.6.0@sha256:c9d355a67f459431c377f628a4853b1ed9a50e6591eceb76b1189b735aa765da,2188
    pantry-tree:
      size: 456
      sha256: 49b4c274219277ccf8a67999f6ff42cd083de830f6c1d879efd08281960f1df5
  original:
    hackage: gtk-sni-tray-0.1.6.0@sha256:c9d355a67f459431c377f628a4853b1ed9a50e6591eceb76b1189b735aa765da
- completed:
    hackage: gtk-strut-0.1.3.0@sha256:a1ad2b79d5c581366062278fd43db7fbc8b703cc156bacbcf3b94dc57dea7811,1140
    pantry-tree:
      size: 390
      sha256: 1edced59a053301d94239209d7cdb8f6baec68276abf1752de3dbe9b6f95c5a5
  original:
    hackage: gtk-strut-0.1.3.0@sha256:a1ad2b79d5c581366062278fd43db7fbc8b703cc156bacbcf3b94dc57dea7811
- completed:
    hackage: rate-limit-1.4.1@sha256:27abe882e8b7851202cac124ea2b631e77ab7216f7a655b0782704838fe3c305,943
    pantry-tree:
      size: 214
      sha256: f5eb6d9a78edc08d896771aefbd6b9986d85724bb1f9bec88fa09fd7a88551b4
  original:
    hackage: rate-limit-1.4.1@sha256:27abe882e8b7851202cac124ea2b631e77ab7216f7a655b0782704838fe3c305
- completed:
    hackage: status-notifier-item-0.3.0.1@sha256:7c11ba0158f31eda7cb8c60c48b6e4f63681b79a91a3c2814fac381f0004ebc5,2572
    pantry-tree:
      size: 1156
      sha256: 301226818bb55f6cfb1e1a3f2fea8d48073b086e7eff65394ad0a6c5ed35c603
  original:
    hackage: status-notifier-item-0.3.0.1@sha256:7c11ba0158f31eda7cb8c60c48b6e4f63681b79a91a3c2814fac381f0004ebc5
- completed:
    hackage: time-units-1.0.0@sha256:27cf54091c4a0ca73d504fc11d5c31ab4041d17404fe3499945e2055697746c1,928
    pantry-tree:
      size: 212
      sha256: 9b516d4195fcea22cd1f4335cfe210e88deca397ba7dacc494d5a2feb69e1af8
  original:
    hackage: time-units-1.0.0@sha256:27cf54091c4a0ca73d504fc11d5c31ab4041d17404fe3499945e2055697746c1
- completed:
    hackage: xml-helpers-1.0.0@sha256:3b0808db529fa362a67717c78a78a4728859f60f31e9213ae2d32720fbe053a1,610
    pantry-tree:
      size: 220
      sha256: 23e445f90ddb3c02c05125fb273045718fc0551509fe931ae8010a3a189ba215
  original:
    hackage: xml-helpers-1.0.0@sha256:3b0808db529fa362a67717c78a78a4728859f60f31e9213ae2d32720fbe053a1
- completed:
    hackage: gi-dbusmenugtk3-0.4.2@sha256:30d137befe7d2676fc8ab73cf0a593fa6c099b9adb93153188f551e514d54e47,2107
    pantry-tree:
      size: 370
      sha256: f5697433c014d27fdb46bbe55a2adb2e5a0179b95082d8afa8bf0a3873332a81
  original:
    hackage: gi-dbusmenugtk3-0.4.2@sha256:30d137befe7d2676fc8ab73cf0a593fa6c099b9adb93153188f551e514d54e47
- completed:
    hackage: gi-xlib-2.0.2@sha256:d9b73ecd7b84f183474c412893e74279f4980d0000f92f7a2433de2d1e9414d8,1761
    pantry-tree:
      size: 355
      sha256: d1d98746c801ee4b6732b19b8092d48ecdbc8a09667e19a1d2768ed78a039242
  original:
    hackage: gi-xlib-2.0.2@sha256:d9b73ecd7b84f183474c412893e74279f4980d0000f92f7a2433de2d1e9414d8
- completed:
    hackage: spool-0.1@sha256:77780cbfc2c0be23ff2ea9e474062f3df97fcd9db946ee0b3508280a923b83e2,1461
    pantry-tree:
      size: 322
      sha256: 48eada528a8eda2fcf0d3517a239c59a699acff96111f427833ba2b04bd6111f
  original:
    hackage: spool-0.1@sha256:77780cbfc2c0be23ff2ea9e474062f3df97fcd9db946ee0b3508280a923b83e2
- completed:
    hackage: gi-dbusmenu-0.4.1@sha256:fd1c177ad4068e9ef7778ecb1af4004d2d503246d6d846592507ed63c52a3ab2,1868
    pantry-tree:
      size: 362
      sha256: bc5fdd65c973582f1fc0e5efc182f80cfd5736ece90c47b2beaa17cf29486ded
  original:
    hackage: gi-dbusmenu-0.4.1@sha256:fd1c177ad4068e9ef7778ecb1af4004d2d503246d6d846592507ed63c52a3ab2
- completed:
    hackage: taffybar-3.1.2@sha256:c48a97497f1c35bceb8d163bfa2cfe23abd6de78f3dc27fbf873995aa09677f0,7062
    pantry-tree:
      size: 5788
      sha256: cc9f0b9d8f73463a1b7a61f4892c0da02a80b2cf621202ef1c92fb1a3fd2833b
  original:
    hackage: taffybar-3.1.2@sha256:c48a97497f1c35bceb8d163bfa2cfe23abd6de78f3dc27fbf873995aa09677f0
snapshots:
- completed:
    size: 498167
    url: https://raw.githubusercontent.com/commercialhaskell/stackage-snapshots/master/lts/13/20.yaml
    sha256: cda928d57b257a5f17bcad796843c9daa674fef47d600dbea3aa7b0e49d64a11
  original: lts-13.20
