# This file was autogenerated by Stack.
# You should not edit this file by hand.
# For more information, please see the documentation at:
#   https://docs.haskellstack.org/en/stable/lock_files

packages:
- completed:
    hackage: xmonad-wallpaper-0.0.1.4@sha256:485ca693e30b8994ad8b18ba4aae6a0587b03bda0298f62798203f2ec0d9afef,2395
    pantry-tree:
      size: 462
      sha256: 131b39862cabb2c42c6298405c00c6bb063b69ca09ad47d94b2bb730af62258b
  original:
    hackage: xmonad-wallpaper-0.0.1.4@sha256:485ca693e30b8994ad8b18ba4aae6a0587b03bda0298f62798203f2ec0d9afef
- completed:
    hackage: magic-1.1@sha256:3a31ca1c49fa5f6a857f647471739bd240a6020af6ae43e71fb72201fc482fa2,928
    pantry-tree:
      size: 535
      sha256: 8fd594932f36cdf6a93266c48248a6c516d2aa237cd023eed6935ccee7ed230b
  original:
    hackage: magic-1.1@sha256:3a31ca1c49fa5f6a857f647471739bd240a6020af6ae43e71fb72201fc482fa2
snapshots:
- completed:
    size: 523443
    url: https://raw.githubusercontent.com/commercialhaskell/stackage-snapshots/master/lts/14/0.yaml
    sha256: 283773e7120f5446d961eab35ea95c9af9c24187cc178537bd29273200a05171
  original: lts-14.0
