{
  "nodes": {
    "bttc": {
      "inputs": {
        "nixpkgs": [
          "nixpkgs"
        ]
      },
      "locked": {
        "lastModified": 1661313448,
        "narHash": "sha256-kCuqeMz2L27OyLLPWT/Say+qnvE9cn1rx+qbU3eQmu4=",
        "type": "git",
        "url": "file:///home/freeman/private/bttc"
      },
      "original": {
        "type": "git",
        "url": "file:///home/freeman/private/bttc"
      }
    },
    "emacs": {
      "inputs": {
        "flake-utils": "flake-utils",
        "nixpkgs": "nixpkgs"
      },
      "locked": {
        "lastModified": 1661717081,
        "narHash": "sha256-ssz++/guNZM/52gTqFJkJuvCnqWJjMrV363xjvpzrHM=",
        "owner": "nix-community",
        "repo": "emacs-overlay",
        "rev": "5046cc71d33022f237191f2a8d8df18315910d13",
        "type": "github"
      },
      "original": {
        "owner": "nix-community",
        "repo": "emacs-overlay",
        "type": "github"
      }
    },
    "flake-utils": {
      "locked": {
        "lastModified": 1659877975,
        "narHash": "sha256-zllb8aq3YO3h8B/U0/J1WBgAL8EX5yWf5pMj3G0NAmc=",
        "owner": "numtide",
        "repo": "flake-utils",
        "rev": "c0e246b9b83f637f4681389ecabcb2681b4f3af0",
        "type": "github"
      },
      "original": {
        "owner": "numtide",
        "repo": "flake-utils",
        "type": "github"
      }
    },
    "flake-utils_2": {
      "locked": {
        "lastModified": 1659877975,
        "narHash": "sha256-zllb8aq3YO3h8B/U0/J1WBgAL8EX5yWf5pMj3G0NAmc=",
        "owner": "numtide",
        "repo": "flake-utils",
        "rev": "c0e246b9b83f637f4681389ecabcb2681b4f3af0",
        "type": "github"
      },
      "original": {
        "owner": "numtide",
        "repo": "flake-utils",
        "type": "github"
      }
    },
    "myRepo": {
      "inputs": {
        "nixpkgs": [
          "nixpkgs"
        ]
      },
      "locked": {
        "lastModified": 1661434406,
        "narHash": "sha256-Y6GbA27szmV9/rMOkizhRx6Ho16tX7tvccJx9bHwzbU=",
        "owner": "xiongchenyu6",
        "repo": "nur-packages",
        "rev": "be54ed5d5a469bd4641fe62f4f5774d3baf3e425",
        "type": "github"
      },
      "original": {
        "owner": "xiongchenyu6",
        "repo": "nur-packages",
        "type": "github"
      }
    },
    "nixos-hardware": {
      "locked": {
        "lastModified": 1660407119,
        "narHash": "sha256-04lWO0pDbhAXFdL4v2VzzwgxrZ5IefKn+TmZPiPeKxg=",
        "owner": "NixOS",
        "repo": "nixos-hardware",
        "rev": "12620020f76b1b5d2b0e6fbbda831ed4f5fe56e1",
        "type": "github"
      },
      "original": {
        "owner": "NixOS",
        "ref": "master",
        "repo": "nixos-hardware",
        "type": "github"
      }
    },
    "nixpkgs": {
      "locked": {
        "lastModified": 1661353537,
        "narHash": "sha256-1E2IGPajOsrkR49mM5h55OtYnU0dGyre6gl60NXKITE=",
        "owner": "NixOS",
        "repo": "nixpkgs",
        "rev": "0e304ff0d9db453a4b230e9386418fd974d5804a",
        "type": "github"
      },
      "original": {
        "id": "nixpkgs",
        "type": "indirect"
      }
    },
    "nixpkgs_2": {
      "locked": {
        "lastModified": 1661628722,
        "narHash": "sha256-oR/7NhG7pPkACToUtaaT6hH+rONE2z5/4NzjoUwEZt8=",
        "owner": "NixOS",
        "repo": "nixpkgs",
        "rev": "324c8aaf25b2f2027af7798e5582ce3040a793b6",
        "type": "github"
      },
      "original": {
        "owner": "NixOS",
        "ref": "nixos-unstable",
        "repo": "nixpkgs",
        "type": "github"
      }
    },
    "root": {
      "inputs": {
        "bttc": "bttc",
        "emacs": "emacs",
        "flake-utils": "flake-utils_2",
        "myRepo": "myRepo",
        "nixos-hardware": "nixos-hardware",
        "nixpkgs": "nixpkgs_2"
      }
    }
  },
  "root": "root",
  "version": 7
}
