{
  "nodes": {
    "bttc": {
      "inputs": {
        "nixpkgs": [
          "nixpkgs"
        ]
      },
      "locked": {
        "lastModified": 1661313448,
        "narHash": "sha256-kCuqeMz2L27OyLLPWT/Say+qnvE9cn1rx+qbU3eQmu4=",
        "type": "git",
        "url": "file:///home/freeman/private/bttc"
      },
      "original": {
        "type": "git",
        "url": "file:///home/freeman/private/bttc"
      }
    },
    "emacs": {
      "inputs": {
        "flake-utils": "flake-utils",
        "nixpkgs": "nixpkgs"
      },
      "locked": {
        "lastModified": 1661884368,
        "narHash": "sha256-ZPC68tE1g9f4q3LdOYI5jMgmbZmLOJC/Ci5KMnPoW+I=",
        "owner": "nix-community",
        "repo": "emacs-overlay",
        "rev": "8c04b52f615b7906cc7929f2bc87e8dd3a3c2c5c",
        "type": "github"
      },
      "original": {
        "owner": "nix-community",
        "repo": "emacs-overlay",
        "type": "github"
      }
    },
    "flake-utils": {
      "locked": {
        "lastModified": 1659877975,
        "narHash": "sha256-zllb8aq3YO3h8B/U0/J1WBgAL8EX5yWf5pMj3G0NAmc=",
        "owner": "numtide",
        "repo": "flake-utils",
        "rev": "c0e246b9b83f637f4681389ecabcb2681b4f3af0",
        "type": "github"
      },
      "original": {
        "owner": "numtide",
        "repo": "flake-utils",
        "type": "github"
      }
    },
    "flake-utils_2": {
      "locked": {
        "lastModified": 1659877975,
        "narHash": "sha256-zllb8aq3YO3h8B/U0/J1WBgAL8EX5yWf5pMj3G0NAmc=",
        "owner": "numtide",
        "repo": "flake-utils",
        "rev": "c0e246b9b83f637f4681389ecabcb2681b4f3af0",
        "type": "github"
      },
      "original": {
        "owner": "numtide",
        "repo": "flake-utils",
        "type": "github"
      }
    },
    "keycloak-lantian": {
      "inputs": {
        "nixpkgs": [
          "xddxdd",
          "nixpkgs"
        ]
      },
      "locked": {
        "lastModified": 1647333801,
        "narHash": "sha256-fE9gOjkbho/2Pct/gZi5iMoXyf0a7rWPZxon8yDDzsQ=",
        "ref": "refs/heads/master",
        "rev": "ae034b600c62a9a460d3e16897ad485e837a5e8a",
        "revCount": 19,
        "type": "git",
        "url": "https://git.lantian.pub/lantian/keycloak-lantian.git"
      },
      "original": {
        "type": "git",
        "url": "https://git.lantian.pub/lantian/keycloak-lantian.git"
      }
    },
    "myRepo": {
      "inputs": {
        "nixpkgs": [
          "nixpkgs"
        ]
      },
      "locked": {
        "lastModified": 1661434406,
        "narHash": "sha256-Y6GbA27szmV9/rMOkizhRx6Ho16tX7tvccJx9bHwzbU=",
        "owner": "xiongchenyu6",
        "repo": "nur-packages",
        "rev": "be54ed5d5a469bd4641fe62f4f5774d3baf3e425",
        "type": "github"
      },
      "original": {
        "owner": "xiongchenyu6",
        "repo": "nur-packages",
        "type": "github"
      }
    },
    "nixos-hardware": {
      "locked": {
        "lastModified": 1660407119,
        "narHash": "sha256-04lWO0pDbhAXFdL4v2VzzwgxrZ5IefKn+TmZPiPeKxg=",
        "owner": "NixOS",
        "repo": "nixos-hardware",
        "rev": "12620020f76b1b5d2b0e6fbbda831ed4f5fe56e1",
        "type": "github"
      },
      "original": {
        "owner": "NixOS",
        "ref": "master",
        "repo": "nixos-hardware",
        "type": "github"
      }
    },
    "nixpkgs": {
      "locked": {
        "lastModified": 1661353537,
        "narHash": "sha256-1E2IGPajOsrkR49mM5h55OtYnU0dGyre6gl60NXKITE=",
        "owner": "NixOS",
        "repo": "nixpkgs",
        "rev": "0e304ff0d9db453a4b230e9386418fd974d5804a",
        "type": "github"
      },
      "original": {
        "id": "nixpkgs",
        "type": "indirect"
      }
    },
    "nixpkgs_2": {
      "locked": {
        "lastModified": 1661720780,
        "narHash": "sha256-AJNGyaB2eKZAYaPNjBZOzap87yL+F9ZLaFzzMkvega0=",
        "owner": "NixOS",
        "repo": "nixpkgs",
        "rev": "a63021a330d8d33d862a8e29924b42d73037dd37",
        "type": "github"
      },
      "original": {
        "owner": "NixOS",
        "ref": "nixos-unstable",
        "repo": "nixpkgs",
        "type": "github"
      }
    },
    "root": {
      "inputs": {
        "bttc": "bttc",
        "emacs": "emacs",
        "myRepo": "myRepo",
        "nixos-hardware": "nixos-hardware",
        "nixpkgs": "nixpkgs_2",
        "xddxdd": "xddxdd"
      }
    },
    "xddxdd": {
      "inputs": {
        "flake-utils": "flake-utils_2",
        "keycloak-lantian": "keycloak-lantian",
        "nixpkgs": [
          "nixpkgs"
        ]
      },
      "locked": {
        "lastModified": 1661219251,
        "narHash": "sha256-hbe5f10Cdikpa50fBWWzEjnxmt4OC+hmw1dW9GK/XPI=",
        "owner": "xddxdd",
        "repo": "nur-packages",
        "rev": "28e8fbe168344292b54907f9d7c7fb4ca05be286",
        "type": "github"
      },
      "original": {
        "owner": "xddxdd",
        "repo": "nur-packages",
        "type": "github"
      }
    }
  },
  "root": "root",
  "version": 7
}
